// !$*UTF8*$!
{
	archiveVersion = 1;
	classes = {
	};
	objectVersion = 50;
	objects = {

/* Begin PBXBuildFile section */
		31360F75FFEBD5A00AF83339 /* Pods_InstaPetsTests.framework in Frameworks */ = {isa = PBXBuildFile; fileRef = B297B21A5C91C56D75842B54 /* Pods_InstaPetsTests.framework */; };
		70D284F900E501385CC502F2 /* Pods_InstaPets.framework in Frameworks */ = {isa = PBXBuildFile; fileRef = E815848BBAEF4217DDA5E1C8 /* Pods_InstaPets.framework */; };
		81B57FDEFA37DD8C3DCC51DE /* Pods_InstaPets_InstaPetsUITests.framework in Frameworks */ = {isa = PBXBuildFile; fileRef = 25F40F4475B0DD13E8619CD7 /* Pods_InstaPets_InstaPetsUITests.framework */; };
		CE05A4DA23982C52000A1A0B /* FontExtension.swift in Sources */ = {isa = PBXBuildFile; fileRef = CE05A4D923982C52000A1A0B /* FontExtension.swift */; };
		CE05A4DC23995793000A1A0B /* AninmationExtension.swift in Sources */ = {isa = PBXBuildFile; fileRef = CE05A4DB23995793000A1A0B /* AninmationExtension.swift */; };
		CE0DABE123BD5960005DE224 /* SearchViewController.swift in Sources */ = {isa = PBXBuildFile; fileRef = CE0DABE023BD5960005DE224 /* SearchViewController.swift */; };
		CE183F2B237BA7CE0074EDC3 /* GoogleService-Info.plist in Resources */ = {isa = PBXBuildFile; fileRef = CE183F2A237BA7CD0074EDC3 /* GoogleService-Info.plist */; };
		CE81DC8A23C3C68800296F87 /* CustomSearchCell.swift in Sources */ = {isa = PBXBuildFile; fileRef = CE81DC8923C3C68800296F87 /* CustomSearchCell.swift */; };
		CEABD87F236B408C00A88BB3 /* AppDelegate.swift in Sources */ = {isa = PBXBuildFile; fileRef = CEABD87E236B408C00A88BB3 /* AppDelegate.swift */; };
		CEABD881236B408C00A88BB3 /* SceneDelegate.swift in Sources */ = {isa = PBXBuildFile; fileRef = CEABD880236B408C00A88BB3 /* SceneDelegate.swift */; };
		CEABD883236B408C00A88BB3 /* SignUpController.swift in Sources */ = {isa = PBXBuildFile; fileRef = CEABD882236B408C00A88BB3 /* SignUpController.swift */; };
		CEABD889236B408C00A88BB3 /* InstaPets.xcdatamodeld in Sources */ = {isa = PBXBuildFile; fileRef = CEABD887236B408C00A88BB3 /* InstaPets.xcdatamodeld */; };
		CEABD88B236B408D00A88BB3 /* Assets.xcassets in Resources */ = {isa = PBXBuildFile; fileRef = CEABD88A236B408D00A88BB3 /* Assets.xcassets */; };
		CEABD88E236B408D00A88BB3 /* LaunchScreen.storyboard in Resources */ = {isa = PBXBuildFile; fileRef = CEABD88C236B408D00A88BB3 /* LaunchScreen.storyboard */; };
		CEABD899236B408D00A88BB3 /* InstaPetsTests.swift in Sources */ = {isa = PBXBuildFile; fileRef = CEABD898236B408D00A88BB3 /* InstaPetsTests.swift */; };
		CEABD8A4236B408D00A88BB3 /* InstaPetsUITests.swift in Sources */ = {isa = PBXBuildFile; fileRef = CEABD8A3236B408D00A88BB3 /* InstaPetsUITests.swift */; };
		CEABD8B3236B6AAF00A88BB3 /* ExtensionColors.swift in Sources */ = {isa = PBXBuildFile; fileRef = CEABD8B2236B6AAF00A88BB3 /* ExtensionColors.swift */; };
		CEB51A3D23A4487900F14454 /* PhotoSelectorController.swift in Sources */ = {isa = PBXBuildFile; fileRef = CEB51A3C23A4487900F14454 /* PhotoSelectorController.swift */; };
		CEB51A3F23A83AA100F14454 /* PhotoSelectorCell.swift in Sources */ = {isa = PBXBuildFile; fileRef = CEB51A3E23A83AA100F14454 /* PhotoSelectorCell.swift */; };
		CEB51A4123A856BB00F14454 /* PhotoSelectorHeader.swift in Sources */ = {isa = PBXBuildFile; fileRef = CEB51A4023A856BB00F14454 /* PhotoSelectorHeader.swift */; };
		CEB51A4323A86C9500F14454 /* SharePhotoController.swift in Sources */ = {isa = PBXBuildFile; fileRef = CEB51A4223A86C9500F14454 /* SharePhotoController.swift */; };
		CEB51A4623A99FDF00F14454 /* Post.swift in Sources */ = {isa = PBXBuildFile; fileRef = CEB51A4523A99FDF00F14454 /* Post.swift */; };
		CEB51A4823A9A46E00F14454 /* UserProfileCell.swift in Sources */ = {isa = PBXBuildFile; fileRef = CEB51A4723A9A46E00F14454 /* UserProfileCell.swift */; };
		CEB51A4A23AA8BEA00F14454 /* CustomImageView.swift in Sources */ = {isa = PBXBuildFile; fileRef = CEB51A4923AA8BEA00F14454 /* CustomImageView.swift */; };
		CEB51A4D23B54F6100F14454 /* HomeViewController.swift in Sources */ = {isa = PBXBuildFile; fileRef = CEB51A4C23B54F6100F14454 /* HomeViewController.swift */; };
		CEB51A4F23B559C900F14454 /* HomePostCell.swift in Sources */ = {isa = PBXBuildFile; fileRef = CEB51A4E23B559C900F14454 /* HomePostCell.swift */; };
		CEE6262A2384CACF005471DE /* MainTabBarController.swift in Sources */ = {isa = PBXBuildFile; fileRef = CEE626292384CACF005471DE /* MainTabBarController.swift */; };
		CEE6262C2384DA4E005471DE /* UserProfileController.swift in Sources */ = {isa = PBXBuildFile; fileRef = CEE6262B2384DA4E005471DE /* UserProfileController.swift */; };
		CEE6262E2384E6BF005471DE /* Storyboard.storyboard in Resources */ = {isa = PBXBuildFile; fileRef = CEE6262D2384E6BF005471DE /* Storyboard.storyboard */; };
		CEE626302384E787005471DE /* Main.storyboard in Resources */ = {isa = PBXBuildFile; fileRef = CEE6262F2384E787005471DE /* Main.storyboard */; };
		CEE626322385D9D0005471DE /* UserProfileHeader.swift in Sources */ = {isa = PBXBuildFile; fileRef = CEE626312385D9D0005471DE /* UserProfileHeader.swift */; };
		CEE6263423871242005471DE /* ExtensionView.swift in Sources */ = {isa = PBXBuildFile; fileRef = CEE6263323871242005471DE /* ExtensionView.swift */; };
		CEF2AA0C23BACE8300E404B3 /* User.swift in Sources */ = {isa = PBXBuildFile; fileRef = CEF2AA0B23BACE8300E404B3 /* User.swift */; };
		CEF2AA0E23BAE14900E404B3 /* UIDExtension.swift in Sources */ = {isa = PBXBuildFile; fileRef = CEF2AA0D23BAE14900E404B3 /* UIDExtension.swift */; };
		CEFB6F4123957A3000F43C15 /* ExtensionMenuButton.swift in Sources */ = {isa = PBXBuildFile; fileRef = CEFB6F4023957A3000F43C15 /* ExtensionMenuButton.swift */; };
		CEFB6F4323957C8700F43C15 /* ExtnesionAlertView.swift in Sources */ = {isa = PBXBuildFile; fileRef = CEFB6F4223957C8700F43C15 /* ExtnesionAlertView.swift */; };
		CEFB6F462396BE4900F43C15 /* LoginController.swift in Sources */ = {isa = PBXBuildFile; fileRef = CEFB6F452396BE4900F43C15 /* LoginController.swift */; };
/* End PBXBuildFile section */

/* Begin PBXContainerItemProxy section */
		CEABD895236B408D00A88BB3 /* PBXContainerItemProxy */ = {
			isa = PBXContainerItemProxy;
			containerPortal = CEABD873236B408C00A88BB3 /* Project object */;
			proxyType = 1;
			remoteGlobalIDString = CEABD87A236B408C00A88BB3;
			remoteInfo = InstaPets;
		};
		CEABD8A0236B408D00A88BB3 /* PBXContainerItemProxy */ = {
			isa = PBXContainerItemProxy;
			containerPortal = CEABD873236B408C00A88BB3 /* Project object */;
			proxyType = 1;
			remoteGlobalIDString = CEABD87A236B408C00A88BB3;
			remoteInfo = InstaPets;
		};
/* End PBXContainerItemProxy section */

/* Begin PBXFileReference section */
		25F40F4475B0DD13E8619CD7 /* Pods_InstaPets_InstaPetsUITests.framework */ = {isa = PBXFileReference; explicitFileType = wrapper.framework; includeInIndex = 0; path = Pods_InstaPets_InstaPetsUITests.framework; sourceTree = BUILT_PRODUCTS_DIR; };
		B297B21A5C91C56D75842B54 /* Pods_InstaPetsTests.framework */ = {isa = PBXFileReference; explicitFileType = wrapper.framework; includeInIndex = 0; path = Pods_InstaPetsTests.framework; sourceTree = BUILT_PRODUCTS_DIR; };
		B4E10DC4B9E3FCAF483B4685 /* Pods-InstaPetsTests.debug.xcconfig */ = {isa = PBXFileReference; includeInIndex = 1; lastKnownFileType = text.xcconfig; name = "Pods-InstaPetsTests.debug.xcconfig"; path = "Pods/Target Support Files/Pods-InstaPetsTests/Pods-InstaPetsTests.debug.xcconfig"; sourceTree = "<group>"; };
		B58233D1A7F6E6C3A779C2EC /* Pods-InstaPetsTests.release.xcconfig */ = {isa = PBXFileReference; includeInIndex = 1; lastKnownFileType = text.xcconfig; name = "Pods-InstaPetsTests.release.xcconfig"; path = "Pods/Target Support Files/Pods-InstaPetsTests/Pods-InstaPetsTests.release.xcconfig"; sourceTree = "<group>"; };
		B8659DD024D1D60E5C9D701D /* Pods-InstaPets-InstaPetsUITests.release.xcconfig */ = {isa = PBXFileReference; includeInIndex = 1; lastKnownFileType = text.xcconfig; name = "Pods-InstaPets-InstaPetsUITests.release.xcconfig"; path = "Pods/Target Support Files/Pods-InstaPets-InstaPetsUITests/Pods-InstaPets-InstaPetsUITests.release.xcconfig"; sourceTree = "<group>"; };
		B9703C24B15BAE3CFC20B5DE /* Pods-InstaPets.debug.xcconfig */ = {isa = PBXFileReference; includeInIndex = 1; lastKnownFileType = text.xcconfig; name = "Pods-InstaPets.debug.xcconfig"; path = "Pods/Target Support Files/Pods-InstaPets/Pods-InstaPets.debug.xcconfig"; sourceTree = "<group>"; };
		CE05A4D923982C52000A1A0B /* FontExtension.swift */ = {isa = PBXFileReference; lastKnownFileType = sourcecode.swift; path = FontExtension.swift; sourceTree = "<group>"; };
		CE05A4DB23995793000A1A0B /* AninmationExtension.swift */ = {isa = PBXFileReference; lastKnownFileType = sourcecode.swift; path = AninmationExtension.swift; sourceTree = "<group>"; };
		CE0DABE023BD5960005DE224 /* SearchViewController.swift */ = {isa = PBXFileReference; lastKnownFileType = sourcecode.swift; path = SearchViewController.swift; sourceTree = "<group>"; };
		CE183F2A237BA7CD0074EDC3 /* GoogleService-Info.plist */ = {isa = PBXFileReference; fileEncoding = 4; lastKnownFileType = text.plist.xml; path = "GoogleService-Info.plist"; sourceTree = "<group>"; };
		CE81DC8923C3C68800296F87 /* CustomSearchCell.swift */ = {isa = PBXFileReference; lastKnownFileType = sourcecode.swift; path = CustomSearchCell.swift; sourceTree = "<group>"; };
		CEABD87B236B408C00A88BB3 /* InstaPets.app */ = {isa = PBXFileReference; explicitFileType = wrapper.application; includeInIndex = 0; path = InstaPets.app; sourceTree = BUILT_PRODUCTS_DIR; };
		CEABD87E236B408C00A88BB3 /* AppDelegate.swift */ = {isa = PBXFileReference; lastKnownFileType = sourcecode.swift; path = AppDelegate.swift; sourceTree = "<group>"; };
		CEABD880236B408C00A88BB3 /* SceneDelegate.swift */ = {isa = PBXFileReference; lastKnownFileType = sourcecode.swift; path = SceneDelegate.swift; sourceTree = "<group>"; };
		CEABD882236B408C00A88BB3 /* SignUpController.swift */ = {isa = PBXFileReference; lastKnownFileType = sourcecode.swift; path = SignUpController.swift; sourceTree = "<group>"; };
		CEABD888236B408C00A88BB3 /* InstaPets.xcdatamodel */ = {isa = PBXFileReference; lastKnownFileType = wrapper.xcdatamodel; path = InstaPets.xcdatamodel; sourceTree = "<group>"; };
		CEABD88A236B408D00A88BB3 /* Assets.xcassets */ = {isa = PBXFileReference; lastKnownFileType = folder.assetcatalog; path = Assets.xcassets; sourceTree = "<group>"; };
		CEABD88D236B408D00A88BB3 /* Base */ = {isa = PBXFileReference; lastKnownFileType = file.storyboard; name = Base; path = Base.lproj/LaunchScreen.storyboard; sourceTree = "<group>"; };
		CEABD88F236B408D00A88BB3 /* Info.plist */ = {isa = PBXFileReference; lastKnownFileType = text.plist.xml; path = Info.plist; sourceTree = "<group>"; };
		CEABD894236B408D00A88BB3 /* InstaPetsTests.xctest */ = {isa = PBXFileReference; explicitFileType = wrapper.cfbundle; includeInIndex = 0; path = InstaPetsTests.xctest; sourceTree = BUILT_PRODUCTS_DIR; };
		CEABD898236B408D00A88BB3 /* InstaPetsTests.swift */ = {isa = PBXFileReference; lastKnownFileType = sourcecode.swift; path = InstaPetsTests.swift; sourceTree = "<group>"; };
		CEABD89A236B408D00A88BB3 /* Info.plist */ = {isa = PBXFileReference; lastKnownFileType = text.plist.xml; path = Info.plist; sourceTree = "<group>"; };
		CEABD89F236B408D00A88BB3 /* InstaPetsUITests.xctest */ = {isa = PBXFileReference; explicitFileType = wrapper.cfbundle; includeInIndex = 0; path = InstaPetsUITests.xctest; sourceTree = BUILT_PRODUCTS_DIR; };
		CEABD8A3236B408D00A88BB3 /* InstaPetsUITests.swift */ = {isa = PBXFileReference; lastKnownFileType = sourcecode.swift; path = InstaPetsUITests.swift; sourceTree = "<group>"; };
		CEABD8A5236B408D00A88BB3 /* Info.plist */ = {isa = PBXFileReference; lastKnownFileType = text.plist.xml; path = Info.plist; sourceTree = "<group>"; };
		CEABD8B2236B6AAF00A88BB3 /* ExtensionColors.swift */ = {isa = PBXFileReference; lastKnownFileType = sourcecode.swift; path = ExtensionColors.swift; sourceTree = "<group>"; };
		CEB51A3C23A4487900F14454 /* PhotoSelectorController.swift */ = {isa = PBXFileReference; lastKnownFileType = sourcecode.swift; path = PhotoSelectorController.swift; sourceTree = "<group>"; };
		CEB51A3E23A83AA100F14454 /* PhotoSelectorCell.swift */ = {isa = PBXFileReference; lastKnownFileType = sourcecode.swift; path = PhotoSelectorCell.swift; sourceTree = "<group>"; };
		CEB51A4023A856BB00F14454 /* PhotoSelectorHeader.swift */ = {isa = PBXFileReference; lastKnownFileType = sourcecode.swift; path = PhotoSelectorHeader.swift; sourceTree = "<group>"; };
		CEB51A4223A86C9500F14454 /* SharePhotoController.swift */ = {isa = PBXFileReference; lastKnownFileType = sourcecode.swift; path = SharePhotoController.swift; sourceTree = "<group>"; };
		CEB51A4523A99FDF00F14454 /* Post.swift */ = {isa = PBXFileReference; lastKnownFileType = sourcecode.swift; path = Post.swift; sourceTree = "<group>"; };
		CEB51A4723A9A46E00F14454 /* UserProfileCell.swift */ = {isa = PBXFileReference; lastKnownFileType = sourcecode.swift; path = UserProfileCell.swift; sourceTree = "<group>"; };
		CEB51A4923AA8BEA00F14454 /* CustomImageView.swift */ = {isa = PBXFileReference; lastKnownFileType = sourcecode.swift; path = CustomImageView.swift; sourceTree = "<group>"; };
		CEB51A4C23B54F6100F14454 /* HomeViewController.swift */ = {isa = PBXFileReference; lastKnownFileType = sourcecode.swift; path = HomeViewController.swift; sourceTree = "<group>"; };
		CEB51A4E23B559C900F14454 /* HomePostCell.swift */ = {isa = PBXFileReference; lastKnownFileType = sourcecode.swift; path = HomePostCell.swift; sourceTree = "<group>"; };
		CEE626292384CACF005471DE /* MainTabBarController.swift */ = {isa = PBXFileReference; lastKnownFileType = sourcecode.swift; path = MainTabBarController.swift; sourceTree = "<group>"; };
		CEE6262B2384DA4E005471DE /* UserProfileController.swift */ = {isa = PBXFileReference; lastKnownFileType = sourcecode.swift; path = UserProfileController.swift; sourceTree = "<group>"; };
		CEE6262D2384E6BF005471DE /* Storyboard.storyboard */ = {isa = PBXFileReference; lastKnownFileType = file.storyboard; path = Storyboard.storyboard; sourceTree = "<group>"; };
		CEE6262F2384E787005471DE /* Main.storyboard */ = {isa = PBXFileReference; lastKnownFileType = file.storyboard; path = Main.storyboard; sourceTree = "<group>"; };
		CEE626312385D9D0005471DE /* UserProfileHeader.swift */ = {isa = PBXFileReference; lastKnownFileType = sourcecode.swift; path = UserProfileHeader.swift; sourceTree = "<group>"; };
		CEE6263323871242005471DE /* ExtensionView.swift */ = {isa = PBXFileReference; lastKnownFileType = sourcecode.swift; path = ExtensionView.swift; sourceTree = "<group>"; };
		CEF2AA0B23BACE8300E404B3 /* User.swift */ = {isa = PBXFileReference; lastKnownFileType = sourcecode.swift; path = User.swift; sourceTree = "<group>"; };
		CEF2AA0D23BAE14900E404B3 /* UIDExtension.swift */ = {isa = PBXFileReference; lastKnownFileType = sourcecode.swift; path = UIDExtension.swift; sourceTree = "<group>"; };
		CEFB6F4023957A3000F43C15 /* ExtensionMenuButton.swift */ = {isa = PBXFileReference; lastKnownFileType = sourcecode.swift; path = ExtensionMenuButton.swift; sourceTree = "<group>"; };
		CEFB6F4223957C8700F43C15 /* ExtnesionAlertView.swift */ = {isa = PBXFileReference; lastKnownFileType = sourcecode.swift; path = ExtnesionAlertView.swift; sourceTree = "<group>"; };
		CEFB6F452396BE4900F43C15 /* LoginController.swift */ = {isa = PBXFileReference; lastKnownFileType = sourcecode.swift; path = LoginController.swift; sourceTree = "<group>"; };
		E815848BBAEF4217DDA5E1C8 /* Pods_InstaPets.framework */ = {isa = PBXFileReference; explicitFileType = wrapper.framework; includeInIndex = 0; path = Pods_InstaPets.framework; sourceTree = BUILT_PRODUCTS_DIR; };
		F1A98A25256FD6855C783789 /* Pods-InstaPets.release.xcconfig */ = {isa = PBXFileReference; includeInIndex = 1; lastKnownFileType = text.xcconfig; name = "Pods-InstaPets.release.xcconfig"; path = "Pods/Target Support Files/Pods-InstaPets/Pods-InstaPets.release.xcconfig"; sourceTree = "<group>"; };
		F1BC54AA0864174ED6C6753F /* Pods-InstaPets-InstaPetsUITests.debug.xcconfig */ = {isa = PBXFileReference; includeInIndex = 1; lastKnownFileType = text.xcconfig; name = "Pods-InstaPets-InstaPetsUITests.debug.xcconfig"; path = "Pods/Target Support Files/Pods-InstaPets-InstaPetsUITests/Pods-InstaPets-InstaPetsUITests.debug.xcconfig"; sourceTree = "<group>"; };
/* End PBXFileReference section */

/* Begin PBXFrameworksBuildPhase section */
		CEABD878236B408C00A88BB3 /* Frameworks */ = {
			isa = PBXFrameworksBuildPhase;
			buildActionMask = 2147483647;
			files = (
				70D284F900E501385CC502F2 /* Pods_InstaPets.framework in Frameworks */,
			);
			runOnlyForDeploymentPostprocessing = 0;
		};
		CEABD891236B408D00A88BB3 /* Frameworks */ = {
			isa = PBXFrameworksBuildPhase;
			buildActionMask = 2147483647;
			files = (
				31360F75FFEBD5A00AF83339 /* Pods_InstaPetsTests.framework in Frameworks */,
			);
			runOnlyForDeploymentPostprocessing = 0;
		};
		CEABD89C236B408D00A88BB3 /* Frameworks */ = {
			isa = PBXFrameworksBuildPhase;
			buildActionMask = 2147483647;
			files = (
				81B57FDEFA37DD8C3DCC51DE /* Pods_InstaPets_InstaPetsUITests.framework in Frameworks */,
			);
			runOnlyForDeploymentPostprocessing = 0;
		};
/* End PBXFrameworksBuildPhase section */

/* Begin PBXGroup section */
		65BEB82BEC1F81AF64A409DC /* Frameworks */ = {
			isa = PBXGroup;
			children = (
				E815848BBAEF4217DDA5E1C8 /* Pods_InstaPets.framework */,
				25F40F4475B0DD13E8619CD7 /* Pods_InstaPets_InstaPetsUITests.framework */,
				B297B21A5C91C56D75842B54 /* Pods_InstaPetsTests.framework */,
			);
			name = Frameworks;
			sourceTree = "<group>";
		};
		CE8AB5DC23BD545D00DC17BA /* Search */ = {
			isa = PBXGroup;
			children = (
				CE0DABE023BD5960005DE224 /* SearchViewController.swift */,
				CE81DC8923C3C68800296F87 /* CustomSearchCell.swift */,
			);
			path = Search;
			sourceTree = "<group>";
		};
		CEABD872236B408C00A88BB3 = {
			isa = PBXGroup;
			children = (
				CEABD87D236B408C00A88BB3 /* InstaPets */,
				CEABD897236B408D00A88BB3 /* InstaPetsTests */,
				CEABD8A2236B408D00A88BB3 /* InstaPetsUITests */,
				CEABD87C236B408C00A88BB3 /* Products */,
				F1425263E16857CA8637AA3B /* Pods */,
				65BEB82BEC1F81AF64A409DC /* Frameworks */,
			);
			sourceTree = "<group>";
		};
		CEABD87C236B408C00A88BB3 /* Products */ = {
			isa = PBXGroup;
			children = (
				CEABD87B236B408C00A88BB3 /* InstaPets.app */,
				CEABD894236B408D00A88BB3 /* InstaPetsTests.xctest */,
				CEABD89F236B408D00A88BB3 /* InstaPetsUITests.xctest */,
			);
			name = Products;
			sourceTree = "<group>";
		};
		CEABD87D236B408C00A88BB3 /* InstaPets */ = {
			isa = PBXGroup;
			children = (
				CE8AB5DC23BD545D00DC17BA /* Search */,
				CEB51A3B23A4485700F14454 /* Add Photo */,
				CEABD8B1236B6A8000A88BB3 /* Utilities */,
				CEB51A4B23B54F4300F14454 /* Home */,
				CEB51A4423A99FC800F14454 /* Model */,
				CEE626352387135E005471DE /* Profile */,
				CEE626292384CACF005471DE /* MainTabBarController.swift */,
				CEFB6F442396BE3500F43C15 /* Login */,
				CEABD87E236B408C00A88BB3 /* AppDelegate.swift */,
				CEABD880236B408C00A88BB3 /* SceneDelegate.swift */,
				CEE6262F2384E787005471DE /* Main.storyboard */,
				CE183F2A237BA7CD0074EDC3 /* GoogleService-Info.plist */,
				CEABD88A236B408D00A88BB3 /* Assets.xcassets */,
				CEABD88C236B408D00A88BB3 /* LaunchScreen.storyboard */,
				CEABD88F236B408D00A88BB3 /* Info.plist */,
				CEE6262D2384E6BF005471DE /* Storyboard.storyboard */,
				CEABD887236B408C00A88BB3 /* InstaPets.xcdatamodeld */,
			);
			path = InstaPets;
			sourceTree = "<group>";
		};
		CEABD897236B408D00A88BB3 /* InstaPetsTests */ = {
			isa = PBXGroup;
			children = (
				CEABD898236B408D00A88BB3 /* InstaPetsTests.swift */,
				CEABD89A236B408D00A88BB3 /* Info.plist */,
			);
			path = InstaPetsTests;
			sourceTree = "<group>";
		};
		CEABD8A2236B408D00A88BB3 /* InstaPetsUITests */ = {
			isa = PBXGroup;
			children = (
				CEABD8A3236B408D00A88BB3 /* InstaPetsUITests.swift */,
				CEABD8A5236B408D00A88BB3 /* Info.plist */,
			);
			path = InstaPetsUITests;
			sourceTree = "<group>";
		};
		CEABD8B1236B6A8000A88BB3 /* Utilities */ = {
			isa = PBXGroup;
			children = (
				CEABD8B2236B6AAF00A88BB3 /* ExtensionColors.swift */,
				CEF2AA0D23BAE14900E404B3 /* UIDExtension.swift */,
				CE05A4D923982C52000A1A0B /* FontExtension.swift */,
				CE05A4DB23995793000A1A0B /* AninmationExtension.swift */,
				CEFB6F4223957C8700F43C15 /* ExtnesionAlertView.swift */,
				CEFB6F4023957A3000F43C15 /* ExtensionMenuButton.swift */,
				CEE6263323871242005471DE /* ExtensionView.swift */,
				CEB51A4923AA8BEA00F14454 /* CustomImageView.swift */,
			);
			path = Utilities;
			sourceTree = "<group>";
		};
		CEB51A3B23A4485700F14454 /* Add Photo */ = {
			isa = PBXGroup;
			children = (
				CEB51A3C23A4487900F14454 /* PhotoSelectorController.swift */,
				CEB51A3E23A83AA100F14454 /* PhotoSelectorCell.swift */,
				CEB51A4023A856BB00F14454 /* PhotoSelectorHeader.swift */,
				CEB51A4223A86C9500F14454 /* SharePhotoController.swift */,
			);
			path = "Add Photo";
			sourceTree = "<group>";
		};
		CEB51A4423A99FC800F14454 /* Model */ = {
			isa = PBXGroup;
			children = (
				CEB51A4523A99FDF00F14454 /* Post.swift */,
				CEF2AA0B23BACE8300E404B3 /* User.swift */,
			);
			path = Model;
			sourceTree = "<group>";
		};
		CEB51A4B23B54F4300F14454 /* Home */ = {
			isa = PBXGroup;
			children = (
				CEB51A4C23B54F6100F14454 /* HomeViewController.swift */,
				CEB51A4E23B559C900F14454 /* HomePostCell.swift */,
			);
			path = Home;
			sourceTree = "<group>";
		};
		CEE626352387135E005471DE /* Profile */ = {
			isa = PBXGroup;
			children = (
				CEE626312385D9D0005471DE /* UserProfileHeader.swift */,
				CEE6262B2384DA4E005471DE /* UserProfileController.swift */,
				CEB51A4723A9A46E00F14454 /* UserProfileCell.swift */,
			);
			path = Profile;
			sourceTree = "<group>";
		};
		CEFB6F442396BE3500F43C15 /* Login */ = {
			isa = PBXGroup;
			children = (
				CEABD882236B408C00A88BB3 /* SignUpController.swift */,
				CEFB6F452396BE4900F43C15 /* LoginController.swift */,
			);
			path = Login;
			sourceTree = "<group>";
		};
		F1425263E16857CA8637AA3B /* Pods */ = {
			isa = PBXGroup;
			children = (
				B9703C24B15BAE3CFC20B5DE /* Pods-InstaPets.debug.xcconfig */,
				F1A98A25256FD6855C783789 /* Pods-InstaPets.release.xcconfig */,
				F1BC54AA0864174ED6C6753F /* Pods-InstaPets-InstaPetsUITests.debug.xcconfig */,
				B8659DD024D1D60E5C9D701D /* Pods-InstaPets-InstaPetsUITests.release.xcconfig */,
				B4E10DC4B9E3FCAF483B4685 /* Pods-InstaPetsTests.debug.xcconfig */,
				B58233D1A7F6E6C3A779C2EC /* Pods-InstaPetsTests.release.xcconfig */,
			);
			name = Pods;
			sourceTree = "<group>";
		};
/* End PBXGroup section */

/* Begin PBXNativeTarget section */
		CEABD87A236B408C00A88BB3 /* InstaPets */ = {
			isa = PBXNativeTarget;
			buildConfigurationList = CEABD8A8236B408D00A88BB3 /* Build configuration list for PBXNativeTarget "InstaPets" */;
			buildPhases = (
				2D0D68A6B5130A926ECF9634 /* [CP] Check Pods Manifest.lock */,
				CEABD877236B408C00A88BB3 /* Sources */,
				CEABD878236B408C00A88BB3 /* Frameworks */,
				CEABD879236B408C00A88BB3 /* Resources */,
				6BE529E125C80AE7309B90B8 /* [CP] Embed Pods Frameworks */,
			);
			buildRules = (
			);
			dependencies = (
			);
			name = InstaPets;
			productName = InstaPets;
			productReference = CEABD87B236B408C00A88BB3 /* InstaPets.app */;
			productType = "com.apple.product-type.application";
		};
		CEABD893236B408D00A88BB3 /* InstaPetsTests */ = {
			isa = PBXNativeTarget;
			buildConfigurationList = CEABD8AB236B408D00A88BB3 /* Build configuration list for PBXNativeTarget "InstaPetsTests" */;
			buildPhases = (
				711876CCD4B719F91A5FE52C /* [CP] Check Pods Manifest.lock */,
				CEABD890236B408D00A88BB3 /* Sources */,
				CEABD891236B408D00A88BB3 /* Frameworks */,
				CEABD892236B408D00A88BB3 /* Resources */,
			);
			buildRules = (
			);
			dependencies = (
				CEABD896236B408D00A88BB3 /* PBXTargetDependency */,
			);
			name = InstaPetsTests;
			productName = InstaPetsTests;
			productReference = CEABD894236B408D00A88BB3 /* InstaPetsTests.xctest */;
			productType = "com.apple.product-type.bundle.unit-test";
		};
		CEABD89E236B408D00A88BB3 /* InstaPetsUITests */ = {
			isa = PBXNativeTarget;
			buildConfigurationList = CEABD8AE236B408D00A88BB3 /* Build configuration list for PBXNativeTarget "InstaPetsUITests" */;
			buildPhases = (
				C615A0B959C5110248AE7AC6 /* [CP] Check Pods Manifest.lock */,
				CEABD89B236B408D00A88BB3 /* Sources */,
				CEABD89C236B408D00A88BB3 /* Frameworks */,
				CEABD89D236B408D00A88BB3 /* Resources */,
				DD1F5763903B9F358676A726 /* [CP] Embed Pods Frameworks */,
			);
			buildRules = (
			);
			dependencies = (
				CEABD8A1236B408D00A88BB3 /* PBXTargetDependency */,
			);
			name = InstaPetsUITests;
			productName = InstaPetsUITests;
			productReference = CEABD89F236B408D00A88BB3 /* InstaPetsUITests.xctest */;
			productType = "com.apple.product-type.bundle.ui-testing";
		};
/* End PBXNativeTarget section */

/* Begin PBXProject section */
		CEABD873236B408C00A88BB3 /* Project object */ = {
			isa = PBXProject;
			attributes = {
				LastSwiftUpdateCheck = 1100;
				LastUpgradeCheck = 1100;
				ORGANIZATIONNAME = "Wilmer sinchi";
				TargetAttributes = {
					CEABD87A236B408C00A88BB3 = {
						CreatedOnToolsVersion = 11.0;
					};
					CEABD893236B408D00A88BB3 = {
						CreatedOnToolsVersion = 11.0;
						TestTargetID = CEABD87A236B408C00A88BB3;
					};
					CEABD89E236B408D00A88BB3 = {
						CreatedOnToolsVersion = 11.0;
						TestTargetID = CEABD87A236B408C00A88BB3;
					};
				};
			};
			buildConfigurationList = CEABD876236B408C00A88BB3 /* Build configuration list for PBXProject "InstaPets" */;
			compatibilityVersion = "Xcode 9.3";
			developmentRegion = en;
			hasScannedForEncodings = 0;
			knownRegions = (
				en,
				Base,
			);
			mainGroup = CEABD872236B408C00A88BB3;
			productRefGroup = CEABD87C236B408C00A88BB3 /* Products */;
			projectDirPath = "";
			projectRoot = "";
			targets = (
				CEABD87A236B408C00A88BB3 /* InstaPets */,
				CEABD893236B408D00A88BB3 /* InstaPetsTests */,
				CEABD89E236B408D00A88BB3 /* InstaPetsUITests */,
			);
		};
/* End PBXProject section */

/* Begin PBXResourcesBuildPhase section */
		CEABD879236B408C00A88BB3 /* Resources */ = {
			isa = PBXResourcesBuildPhase;
			buildActionMask = 2147483647;
			files = (
				CEE626302384E787005471DE /* Main.storyboard in Resources */,
				CE183F2B237BA7CE0074EDC3 /* GoogleService-Info.plist in Resources */,
				CEE6262E2384E6BF005471DE /* Storyboard.storyboard in Resources */,
				CEABD88E236B408D00A88BB3 /* LaunchScreen.storyboard in Resources */,
				CEABD88B236B408D00A88BB3 /* Assets.xcassets in Resources */,
			);
			runOnlyForDeploymentPostprocessing = 0;
		};
		CEABD892236B408D00A88BB3 /* Resources */ = {
			isa = PBXResourcesBuildPhase;
			buildActionMask = 2147483647;
			files = (
			);
			runOnlyForDeploymentPostprocessing = 0;
		};
		CEABD89D236B408D00A88BB3 /* Resources */ = {
			isa = PBXResourcesBuildPhase;
			buildActionMask = 2147483647;
			files = (
			);
			runOnlyForDeploymentPostprocessing = 0;
		};
/* End PBXResourcesBuildPhase section */

/* Begin PBXShellScriptBuildPhase section */
		2D0D68A6B5130A926ECF9634 /* [CP] Check Pods Manifest.lock */ = {
			isa = PBXShellScriptBuildPhase;
			buildActionMask = 2147483647;
			files = (
			);
			inputPaths = (
				"${PODS_PODFILE_DIR_PATH}/Podfile.lock",
				"${PODS_ROOT}/Manifest.lock",
			);
			name = "[CP] Check Pods Manifest.lock";
			outputPaths = (
				"$(DERIVED_FILE_DIR)/Pods-InstaPets-checkManifestLockResult.txt",
			);
			runOnlyForDeploymentPostprocessing = 0;
			shellPath = /bin/sh;
			shellScript = "diff \"${PODS_PODFILE_DIR_PATH}/Podfile.lock\" \"${PODS_ROOT}/Manifest.lock\" > /dev/null\nif [ $? != 0 ] ; then\n    # print error to STDERR\n    echo \"error: The sandbox is not in sync with the Podfile.lock. Run 'pod install' or update your CocoaPods installation.\" >&2\n    exit 1\nfi\n# This output is used by Xcode 'outputs' to avoid re-running this script phase.\necho \"SUCCESS\" > \"${SCRIPT_OUTPUT_FILE_0}\"\n";
			showEnvVarsInLog = 0;
		};
		6BE529E125C80AE7309B90B8 /* [CP] Embed Pods Frameworks */ = {
			isa = PBXShellScriptBuildPhase;
			buildActionMask = 2147483647;
			files = (
			);
			inputPaths = (
				"${SRCROOT}/Pods/Target Support Files/Pods-InstaPets/Pods-InstaPets-frameworks.sh",
				"${BUILT_PRODUCTS_DIR}/GTMSessionFetcher/GTMSessionFetcher.framework",
				"${BUILT_PRODUCTS_DIR}/GoogleUtilities/GoogleUtilities.framework",
				"${BUILT_PRODUCTS_DIR}/Pastel/Pastel.framework",
				"${BUILT_PRODUCTS_DIR}/leveldb-library/leveldb.framework",
				"${BUILT_PRODUCTS_DIR}/nanopb/nanopb.framework",
			);
			name = "[CP] Embed Pods Frameworks";
			outputPaths = (
				"${TARGET_BUILD_DIR}/${FRAMEWORKS_FOLDER_PATH}/GTMSessionFetcher.framework",
				"${TARGET_BUILD_DIR}/${FRAMEWORKS_FOLDER_PATH}/GoogleUtilities.framework",
				"${TARGET_BUILD_DIR}/${FRAMEWORKS_FOLDER_PATH}/Pastel.framework",
				"${TARGET_BUILD_DIR}/${FRAMEWORKS_FOLDER_PATH}/leveldb.framework",
				"${TARGET_BUILD_DIR}/${FRAMEWORKS_FOLDER_PATH}/nanopb.framework",
			);
			runOnlyForDeploymentPostprocessing = 0;
			shellPath = /bin/sh;
			shellScript = "\"${SRCROOT}/Pods/Target Support Files/Pods-InstaPets/Pods-InstaPets-frameworks.sh\"\n";
			showEnvVarsInLog = 0;
		};
		711876CCD4B719F91A5FE52C /* [CP] Check Pods Manifest.lock */ = {
			isa = PBXShellScriptBuildPhase;
			buildActionMask = 2147483647;
			files = (
			);
			inputPaths = (
				"${PODS_PODFILE_DIR_PATH}/Podfile.lock",
				"${PODS_ROOT}/Manifest.lock",
			);
			name = "[CP] Check Pods Manifest.lock";
			outputPaths = (
				"$(DERIVED_FILE_DIR)/Pods-InstaPetsTests-checkManifestLockResult.txt",
			);
			runOnlyForDeploymentPostprocessing = 0;
			shellPath = /bin/sh;
			shellScript = "diff \"${PODS_PODFILE_DIR_PATH}/Podfile.lock\" \"${PODS_ROOT}/Manifest.lock\" > /dev/null\nif [ $? != 0 ] ; then\n    # print error to STDERR\n    echo \"error: The sandbox is not in sync with the Podfile.lock. Run 'pod install' or update your CocoaPods installation.\" >&2\n    exit 1\nfi\n# This output is used by Xcode 'outputs' to avoid re-running this script phase.\necho \"SUCCESS\" > \"${SCRIPT_OUTPUT_FILE_0}\"\n";
			showEnvVarsInLog = 0;
		};
		C615A0B959C5110248AE7AC6 /* [CP] Check Pods Manifest.lock */ = {
			isa = PBXShellScriptBuildPhase;
			buildActionMask = 2147483647;
			files = (
			);
			inputPaths = (
				"${PODS_PODFILE_DIR_PATH}/Podfile.lock",
				"${PODS_ROOT}/Manifest.lock",
			);
			name = "[CP] Check Pods Manifest.lock";
			outputPaths = (
				"$(DERIVED_FILE_DIR)/Pods-InstaPets-InstaPetsUITests-checkManifestLockResult.txt",
			);
			runOnlyForDeploymentPostprocessing = 0;
			shellPath = /bin/sh;
			shellScript = "diff \"${PODS_PODFILE_DIR_PATH}/Podfile.lock\" \"${PODS_ROOT}/Manifest.lock\" > /dev/null\nif [ $? != 0 ] ; then\n    # print error to STDERR\n    echo \"error: The sandbox is not in sync with the Podfile.lock. Run 'pod install' or update your CocoaPods installation.\" >&2\n    exit 1\nfi\n# This output is used by Xcode 'outputs' to avoid re-running this script phase.\necho \"SUCCESS\" > \"${SCRIPT_OUTPUT_FILE_0}\"\n";
			showEnvVarsInLog = 0;
		};
		DD1F5763903B9F358676A726 /* [CP] Embed Pods Frameworks */ = {
			isa = PBXShellScriptBuildPhase;
			buildActionMask = 2147483647;
			files = (
			);
			inputPaths = (
				"${SRCROOT}/Pods/Target Support Files/Pods-InstaPets-InstaPetsUITests/Pods-InstaPets-InstaPetsUITests-frameworks.sh",
				"${BUILT_PRODUCTS_DIR}/GTMSessionFetcher/GTMSessionFetcher.framework",
				"${BUILT_PRODUCTS_DIR}/GoogleUtilities/GoogleUtilities.framework",
				"${BUILT_PRODUCTS_DIR}/Pastel/Pastel.framework",
				"${BUILT_PRODUCTS_DIR}/leveldb-library/leveldb.framework",
				"${BUILT_PRODUCTS_DIR}/nanopb/nanopb.framework",
			);
			name = "[CP] Embed Pods Frameworks";
			outputPaths = (
				"${TARGET_BUILD_DIR}/${FRAMEWORKS_FOLDER_PATH}/GTMSessionFetcher.framework",
				"${TARGET_BUILD_DIR}/${FRAMEWORKS_FOLDER_PATH}/GoogleUtilities.framework",
				"${TARGET_BUILD_DIR}/${FRAMEWORKS_FOLDER_PATH}/Pastel.framework",
				"${TARGET_BUILD_DIR}/${FRAMEWORKS_FOLDER_PATH}/leveldb.framework",
				"${TARGET_BUILD_DIR}/${FRAMEWORKS_FOLDER_PATH}/nanopb.framework",
			);
			runOnlyForDeploymentPostprocessing = 0;
			shellPath = /bin/sh;
			shellScript = "\"${SRCROOT}/Pods/Target Support Files/Pods-InstaPets-InstaPetsUITests/Pods-InstaPets-InstaPetsUITests-frameworks.sh\"\n";
			showEnvVarsInLog = 0;
		};
/* End PBXShellScriptBuildPhase section */

/* Begin PBXSourcesBuildPhase section */
		CEABD877236B408C00A88BB3 /* Sources */ = {
			isa = PBXSourcesBuildPhase;
			buildActionMask = 2147483647;
			files = (
				CEFB6F4123957A3000F43C15 /* ExtensionMenuButton.swift in Sources */,
				CE05A4DC23995793000A1A0B /* AninmationExtension.swift in Sources */,
				CEFB6F462396BE4900F43C15 /* LoginController.swift in Sources */,
				CEABD8B3236B6AAF00A88BB3 /* ExtensionColors.swift in Sources */,
				CEE6263423871242005471DE /* ExtensionView.swift in Sources */,
				CEABD883236B408C00A88BB3 /* SignUpController.swift in Sources */,
				CEB51A4323A86C9500F14454 /* SharePhotoController.swift in Sources */,
				CEB51A4D23B54F6100F14454 /* HomeViewController.swift in Sources */,
				CE0DABE123BD5960005DE224 /* SearchViewController.swift in Sources */,
				CEE6262A2384CACF005471DE /* MainTabBarController.swift in Sources */,
				CEE626322385D9D0005471DE /* UserProfileHeader.swift in Sources */,
				CEFB6F4323957C8700F43C15 /* ExtnesionAlertView.swift in Sources */,
				CEB51A4123A856BB00F14454 /* PhotoSelectorHeader.swift in Sources */,
				CEB51A3D23A4487900F14454 /* PhotoSelectorController.swift in Sources */,
				CEB51A4A23AA8BEA00F14454 /* CustomImageView.swift in Sources */,
				CEF2AA0E23BAE14900E404B3 /* UIDExtension.swift in Sources */,
				CE81DC8A23C3C68800296F87 /* CustomSearchCell.swift in Sources */,
				CEABD889236B408C00A88BB3 /* InstaPets.xcdatamodeld in Sources */,
				CEE6262C2384DA4E005471DE /* UserProfileController.swift in Sources */,
				CEABD87F236B408C00A88BB3 /* AppDelegate.swift in Sources */,
				CEB51A3F23A83AA100F14454 /* PhotoSelectorCell.swift in Sources */,
				CEB51A4823A9A46E00F14454 /* UserProfileCell.swift in Sources */,
				CEB51A4623A99FDF00F14454 /* Post.swift in Sources */,
				CEF2AA0C23BACE8300E404B3 /* User.swift in Sources */,
				CE05A4DA23982C52000A1A0B /* FontExtension.swift in Sources */,
				CEABD881236B408C00A88BB3 /* SceneDelegate.swift in Sources */,
				CEB51A4F23B559C900F14454 /* HomePostCell.swift in Sources */,
			);
			runOnlyForDeploymentPostprocessing = 0;
		};
		CEABD890236B408D00A88BB3 /* Sources */ = {
			isa = PBXSourcesBuildPhase;
			buildActionMask = 2147483647;
			files = (
				CEABD899236B408D00A88BB3 /* InstaPetsTests.swift in Sources */,
			);
			runOnlyForDeploymentPostprocessing = 0;
		};
		CEABD89B236B408D00A88BB3 /* Sources */ = {
			isa = PBXSourcesBuildPhase;
			buildActionMask = 2147483647;
			files = (
				CEABD8A4236B408D00A88BB3 /* InstaPetsUITests.swift in Sources */,
			);
			runOnlyForDeploymentPostprocessing = 0;
		};
/* End PBXSourcesBuildPhase section */

/* Begin PBXTargetDependency section */
		CEABD896236B408D00A88BB3 /* PBXTargetDependency */ = {
			isa = PBXTargetDependency;
			target = CEABD87A236B408C00A88BB3 /* InstaPets */;
			targetProxy = CEABD895236B408D00A88BB3 /* PBXContainerItemProxy */;
		};
		CEABD8A1236B408D00A88BB3 /* PBXTargetDependency */ = {
			isa = PBXTargetDependency;
			target = CEABD87A236B408C00A88BB3 /* InstaPets */;
			targetProxy = CEABD8A0236B408D00A88BB3 /* PBXContainerItemProxy */;
		};
/* End PBXTargetDependency section */

/* Begin PBXVariantGroup section */
		CEABD88C236B408D00A88BB3 /* LaunchScreen.storyboard */ = {
			isa = PBXVariantGroup;
			children = (
				CEABD88D236B408D00A88BB3 /* Base */,
			);
			name = LaunchScreen.storyboard;
			sourceTree = "<group>";
		};
/* End PBXVariantGroup section */

/* Begin XCBuildConfiguration section */
		CEABD8A6236B408D00A88BB3 /* Debug */ = {
			isa = XCBuildConfiguration;
			buildSettings = {
				ALWAYS_SEARCH_USER_PATHS = NO;
				CLANG_ANALYZER_NONNULL = YES;
				CLANG_ANALYZER_NUMBER_OBJECT_CONVERSION = YES_AGGRESSIVE;
				CLANG_CXX_LANGUAGE_STANDARD = "gnu++14";
				CLANG_CXX_LIBRARY = "libc++";
				CLANG_ENABLE_MODULES = YES;
				CLANG_ENABLE_OBJC_ARC = YES;
				CLANG_ENABLE_OBJC_WEAK = YES;
				CLANG_WARN_BLOCK_CAPTURE_AUTORELEASING = YES;
				CLANG_WARN_BOOL_CONVERSION = YES;
				CLANG_WARN_COMMA = YES;
				CLANG_WARN_CONSTANT_CONVERSION = YES;
				CLANG_WARN_DEPRECATED_OBJC_IMPLEMENTATIONS = YES;
				CLANG_WARN_DIRECT_OBJC_ISA_USAGE = YES_ERROR;
				CLANG_WARN_DOCUMENTATION_COMMENTS = YES;
				CLANG_WARN_EMPTY_BODY = YES;
				CLANG_WARN_ENUM_CONVERSION = YES;
				CLANG_WARN_INFINITE_RECURSION = YES;
				CLANG_WARN_INT_CONVERSION = YES;
				CLANG_WARN_NON_LITERAL_NULL_CONVERSION = YES;
				CLANG_WARN_OBJC_IMPLICIT_RETAIN_SELF = YES;
				CLANG_WARN_OBJC_LITERAL_CONVERSION = YES;
				CLANG_WARN_OBJC_ROOT_CLASS = YES_ERROR;
				CLANG_WARN_RANGE_LOOP_ANALYSIS = YES;
				CLANG_WARN_STRICT_PROTOTYPES = YES;
				CLANG_WARN_SUSPICIOUS_MOVE = YES;
				CLANG_WARN_UNGUARDED_AVAILABILITY = YES_AGGRESSIVE;
				CLANG_WARN_UNREACHABLE_CODE = YES;
				CLANG_WARN__DUPLICATE_METHOD_MATCH = YES;
				COPY_PHASE_STRIP = NO;
				DEBUG_INFORMATION_FORMAT = dwarf;
				ENABLE_STRICT_OBJC_MSGSEND = YES;
				ENABLE_TESTABILITY = YES;
				GCC_C_LANGUAGE_STANDARD = gnu11;
				GCC_DYNAMIC_NO_PIC = NO;
				GCC_NO_COMMON_BLOCKS = YES;
				GCC_OPTIMIZATION_LEVEL = 0;
				GCC_PREPROCESSOR_DEFINITIONS = (
					"DEBUG=1",
					"$(inherited)",
				);
				GCC_WARN_64_TO_32_BIT_CONVERSION = YES;
				GCC_WARN_ABOUT_RETURN_TYPE = YES_ERROR;
				GCC_WARN_UNDECLARED_SELECTOR = YES;
				GCC_WARN_UNINITIALIZED_AUTOS = YES_AGGRESSIVE;
				GCC_WARN_UNUSED_FUNCTION = YES;
				GCC_WARN_UNUSED_VARIABLE = YES;
				IPHONEOS_DEPLOYMENT_TARGET = 13.0;
				MTL_ENABLE_DEBUG_INFO = INCLUDE_SOURCE;
				MTL_FAST_MATH = YES;
				ONLY_ACTIVE_ARCH = YES;
				SDKROOT = iphoneos;
				SWIFT_ACTIVE_COMPILATION_CONDITIONS = DEBUG;
				SWIFT_OPTIMIZATION_LEVEL = "-Onone";
			};
			name = Debug;
		};
		CEABD8A7236B408D00A88BB3 /* Release */ = {
			isa = XCBuildConfiguration;
			buildSettings = {
				ALWAYS_SEARCH_USER_PATHS = NO;
				CLANG_ANALYZER_NONNULL = YES;
				CLANG_ANALYZER_NUMBER_OBJECT_CONVERSION = YES_AGGRESSIVE;
				CLANG_CXX_LANGUAGE_STANDARD = "gnu++14";
				CLANG_CXX_LIBRARY = "libc++";
				CLANG_ENABLE_MODULES = YES;
				CLANG_ENABLE_OBJC_ARC = YES;
				CLANG_ENABLE_OBJC_WEAK = YES;
				CLANG_WARN_BLOCK_CAPTURE_AUTORELEASING = YES;
				CLANG_WARN_BOOL_CONVERSION = YES;
				CLANG_WARN_COMMA = YES;
				CLANG_WARN_CONSTANT_CONVERSION = YES;
				CLANG_WARN_DEPRECATED_OBJC_IMPLEMENTATIONS = YES;
				CLANG_WARN_DIRECT_OBJC_ISA_USAGE = YES_ERROR;
				CLANG_WARN_DOCUMENTATION_COMMENTS = YES;
				CLANG_WARN_EMPTY_BODY = YES;
				CLANG_WARN_ENUM_CONVERSION = YES;
				CLANG_WARN_INFINITE_RECURSION = YES;
				CLANG_WARN_INT_CONVERSION = YES;
				CLANG_WARN_NON_LITERAL_NULL_CONVERSION = YES;
				CLANG_WARN_OBJC_IMPLICIT_RETAIN_SELF = YES;
				CLANG_WARN_OBJC_LITERAL_CONVERSION = YES;
				CLANG_WARN_OBJC_ROOT_CLASS = YES_ERROR;
				CLANG_WARN_RANGE_LOOP_ANALYSIS = YES;
				CLANG_WARN_STRICT_PROTOTYPES = YES;
				CLANG_WARN_SUSPICIOUS_MOVE = YES;
				CLANG_WARN_UNGUARDED_AVAILABILITY = YES_AGGRESSIVE;
				CLANG_WARN_UNREACHABLE_CODE = YES;
				CLANG_WARN__DUPLICATE_METHOD_MATCH = YES;
				COPY_PHASE_STRIP = NO;
				DEBUG_INFORMATION_FORMAT = "dwarf-with-dsym";
				ENABLE_NS_ASSERTIONS = NO;
				ENABLE_STRICT_OBJC_MSGSEND = YES;
				GCC_C_LANGUAGE_STANDARD = gnu11;
				GCC_NO_COMMON_BLOCKS = YES;
				GCC_WARN_64_TO_32_BIT_CONVERSION = YES;
				GCC_WARN_ABOUT_RETURN_TYPE = YES_ERROR;
				GCC_WARN_UNDECLARED_SELECTOR = YES;
				GCC_WARN_UNINITIALIZED_AUTOS = YES_AGGRESSIVE;
				GCC_WARN_UNUSED_FUNCTION = YES;
				GCC_WARN_UNUSED_VARIABLE = YES;
				IPHONEOS_DEPLOYMENT_TARGET = 13.0;
				MTL_ENABLE_DEBUG_INFO = NO;
				MTL_FAST_MATH = YES;
				SDKROOT = iphoneos;
				SWIFT_COMPILATION_MODE = wholemodule;
				SWIFT_OPTIMIZATION_LEVEL = "-O";
				VALIDATE_PRODUCT = YES;
			};
			name = Release;
		};
		CEABD8A9236B408D00A88BB3 /* Debug */ = {
			isa = XCBuildConfiguration;
			baseConfigurationReference = B9703C24B15BAE3CFC20B5DE /* Pods-InstaPets.debug.xcconfig */;
			buildSettings = {
				ASSETCATALOG_COMPILER_APPICON_NAME = AppIcon;
				CODE_SIGN_STYLE = Automatic;
				DEVELOPMENT_TEAM = F6CQ853DP7;
				INFOPLIST_FILE = InstaPets/Info.plist;
				LD_RUNPATH_SEARCH_PATHS = (
					"$(inherited)",
					"@executable_path/Frameworks",
				);
				PRODUCT_BUNDLE_IDENTIFIER = com.ttt.algoandcoding.InstaPets;
				PRODUCT_NAME = "$(TARGET_NAME)";
				SWIFT_VERSION = 5.0;
				TARGETED_DEVICE_FAMILY = "1,2";
			};
			name = Debug;
		};
		CEABD8AA236B408D00A88BB3 /* Release */ = {
			isa = XCBuildConfiguration;
			baseConfigurationReference = F1A98A25256FD6855C783789 /* Pods-InstaPets.release.xcconfig */;
			buildSettings = {
				ASSETCATALOG_COMPILER_APPICON_NAME = AppIcon;
				CODE_SIGN_STYLE = Automatic;
				DEVELOPMENT_TEAM = F6CQ853DP7;
				INFOPLIST_FILE = InstaPets/Info.plist;
				LD_RUNPATH_SEARCH_PATHS = (
					"$(inherited)",
					"@executable_path/Frameworks",
				);
				PRODUCT_BUNDLE_IDENTIFIER = com.ttt.algoandcoding.InstaPets;
				PRODUCT_NAME = "$(TARGET_NAME)";
				SWIFT_VERSION = 5.0;
				TARGETED_DEVICE_FAMILY = "1,2";
			};
			name = Release;
		};
		CEABD8AC236B408D00A88BB3 /* Debug */ = {
			isa = XCBuildConfiguration;
			baseConfigurationReference = B4E10DC4B9E3FCAF483B4685 /* Pods-InstaPetsTests.debug.xcconfig */;
			buildSettings = {
				ALWAYS_EMBED_SWIFT_STANDARD_LIBRARIES = YES;
				BUNDLE_LOADER = "$(TEST_HOST)";
				CODE_SIGN_STYLE = Automatic;
				INFOPLIST_FILE = InstaPetsTests/Info.plist;
				IPHONEOS_DEPLOYMENT_TARGET = 13.0;
				LD_RUNPATH_SEARCH_PATHS = (
					"$(inherited)",
					"@executable_path/Frameworks",
					"@loader_path/Frameworks",
				);
				PRODUCT_BUNDLE_IDENTIFIER = com.ttt.algoandcoding.InstaPetsTests;
				PRODUCT_NAME = "$(TARGET_NAME)";
				SWIFT_VERSION = 5.0;
				TARGETED_DEVICE_FAMILY = "1,2";
				TEST_HOST = "$(BUILT_PRODUCTS_DIR)/InstaPets.app/InstaPets";
			};
			name = Debug;
		};
		CEABD8AD236B408D00A88BB3 /* Release */ = {
			isa = XCBuildConfiguration;
			baseConfigurationReference = B58233D1A7F6E6C3A779C2EC /* Pods-InstaPetsTests.release.xcconfig */;
			buildSettings = {
				ALWAYS_EMBED_SWIFT_STANDARD_LIBRARIES = YES;
				BUNDLE_LOADER = "$(TEST_HOST)";
				CODE_SIGN_STYLE = Automatic;
				INFOPLIST_FILE = InstaPetsTests/Info.plist;
				IPHONEOS_DEPLOYMENT_TARGET = 13.0;
				LD_RUNPATH_SEARCH_PATHS = (
					"$(inherited)",
					"@executable_path/Frameworks",
					"@loader_path/Frameworks",
				);
				PRODUCT_BUNDLE_IDENTIFIER = com.ttt.algoandcoding.InstaPetsTests;
				PRODUCT_NAME = "$(TARGET_NAME)";
				SWIFT_VERSION = 5.0;
				TARGETED_DEVICE_FAMILY = "1,2";
				TEST_HOST = "$(BUILT_PRODUCTS_DIR)/InstaPets.app/InstaPets";
			};
			name = Release;
		};
		CEABD8AF236B408D00A88BB3 /* Debug */ = {
			isa = XCBuildConfiguration;
			baseConfigurationReference = F1BC54AA0864174ED6C6753F /* Pods-InstaPets-InstaPetsUITests.debug.xcconfig */;
			buildSettings = {
				ALWAYS_EMBED_SWIFT_STANDARD_LIBRARIES = YES;
				CODE_SIGN_STYLE = Automatic;
				INFOPLIST_FILE = InstaPetsUITests/Info.plist;
				LD_RUNPATH_SEARCH_PATHS = (
					"$(inherited)",
					"@executable_path/Frameworks",
					"@loader_path/Frameworks",
				);
				PRODUCT_BUNDLE_IDENTIFIER = com.ttt.algoandcoding.InstaPetsUITests;
				PRODUCT_NAME = "$(TARGET_NAME)";
				SWIFT_VERSION = 5.0;
				TARGETED_DEVICE_FAMILY = "1,2";
				TEST_TARGET_NAME = InstaPets;
			};
			name = Debug;
		};
		CEABD8B0236B408D00A88BB3 /* Release */ = {
			isa = XCBuildConfiguration;
			baseConfigurationReference = B8659DD024D1D60E5C9D701D /* Pods-InstaPets-InstaPetsUITests.release.xcconfig */;
			buildSettings = {
				ALWAYS_EMBED_SWIFT_STANDARD_LIBRARIES = YES;
				CODE_SIGN_STYLE = Automatic;
				INFOPLIST_FILE = InstaPetsUITests/Info.plist;
				LD_RUNPATH_SEARCH_PATHS = (
					"$(inherited)",
					"@executable_path/Frameworks",
					"@loader_path/Frameworks",
				);
				PRODUCT_BUNDLE_IDENTIFIER = com.ttt.algoandcoding.InstaPetsUITests;
				PRODUCT_NAME = "$(TARGET_NAME)";
				SWIFT_VERSION = 5.0;
				TARGETED_DEVICE_FAMILY = "1,2";
				TEST_TARGET_NAME = InstaPets;
			};
			name = Release;
		};
/* End XCBuildConfiguration section */

/* Begin XCConfigurationList section */
		CEABD876236B408C00A88BB3 /* Build configuration list for PBXProject "InstaPets" */ = {
			isa = XCConfigurationList;
			buildConfigurations = (
				CEABD8A6236B408D00A88BB3 /* Debug */,
				CEABD8A7236B408D00A88BB3 /* Release */,
			);
			defaultConfigurationIsVisible = 0;
			defaultConfigurationName = Release;
		};
		CEABD8A8236B408D00A88BB3 /* Build configuration list for PBXNativeTarget "InstaPets" */ = {
			isa = XCConfigurationList;
			buildConfigurations = (
				CEABD8A9236B408D00A88BB3 /* Debug */,
				CEABD8AA236B408D00A88BB3 /* Release */,
			);
			defaultConfigurationIsVisible = 0;
			defaultConfigurationName = Release;
		};
		CEABD8AB236B408D00A88BB3 /* Build configuration list for PBXNativeTarget "InstaPetsTests" */ = {
			isa = XCConfigurationList;
			buildConfigurations = (
				CEABD8AC236B408D00A88BB3 /* Debug */,
				CEABD8AD236B408D00A88BB3 /* Release */,
			);
			defaultConfigurationIsVisible = 0;
			defaultConfigurationName = Release;
		};
		CEABD8AE236B408D00A88BB3 /* Build configuration list for PBXNativeTarget "InstaPetsUITests" */ = {
			isa = XCConfigurationList;
			buildConfigurations = (
				CEABD8AF236B408D00A88BB3 /* Debug */,
				CEABD8B0236B408D00A88BB3 /* Release */,
			);
			defaultConfigurationIsVisible = 0;
			defaultConfigurationName = Release;
		};
/* End XCConfigurationList section */

/* Begin XCVersionGroup section */
		CEABD887236B408C00A88BB3 /* InstaPets.xcdatamodeld */ = {
			isa = XCVersionGroup;
			children = (
				CEABD888236B408C00A88BB3 /* InstaPets.xcdatamodel */,
			);
			currentVersion = CEABD888236B408C00A88BB3 /* InstaPets.xcdatamodel */;
			path = InstaPets.xcdatamodeld;
			sourceTree = "<group>";
			versionGroupType = wrapper.xcdatamodel;
		};
/* End XCVersionGroup section */
	};
	rootObject = CEABD873236B408C00A88BB3 /* Project object */;
}
